
Microsoft Visual Studio Solution File, Format Version 12.00
# Visual Studio Version 17
VisualStudioVersion = 17.1.32319.34
MinimumVisualStudioVersion = 10.0.40219.1
Project("{FAE04EC0-301F-11D3-BF4B-00C04F79EFBC}") = "CollectionViewIssue.Android", "CollectionViewIssue\CollectionViewIssue.Android\CollectionViewIssue.Android.csproj", "{82FE7283-362A-4DDE-A6C6-823A7F29E196}"
EndProject
Project("{9A19103F-16F7-4668-BE54-9A1E7A4F7556}") = "CollectionViewIssue", "CollectionViewIssue\CollectionViewIssue\CollectionViewIssue.csproj", "{F2E9E428-7665-4E45-8C63-2ED852A00FFD}"
EndProject
Project("{9A19103F-16F7-4668-BE54-9A1E7A4F7556}") = "Tests", "Tests\Tests.csproj", "{4FF92212-8681-4DED-95F4-BBC384D20AEF}"
EndProject
Project("{9A19103F-16F7-4668-BE54-9A1E7A4F7556}") = "Sharpnado.CollectionView", "..\Sharpnado.CollectionView\Sharpnado.CollectionView\Sharpnado.CollectionView.csproj", "{9F40EBA1-1B99-4DBE-81C2-6A5A8C877868}"
EndProject
Project("{FAE04EC0-301F-11D3-BF4B-00C04F79EFBC}") = "Sharpnado.CollectionView.Droid", "..\Sharpnado.CollectionView\Sharpnado.CollectionView.Droid\Sharpnado.CollectionView.Droid.csproj", "{F2D4F3E6-CB34-4D17-92CA-0A9BFDE9C811}"
EndProject
Global
	GlobalSection(SolutionConfigurationPlatforms) = preSolution
		Debug|Any CPU = Debug|Any CPU
		Release|Any CPU = Release|Any CPU
	EndGlobalSection
	GlobalSection(ProjectConfigurationPlatforms) = postSolution
		{82FE7283-362A-4DDE-A6C6-823A7F29E196}.Debug|Any CPU.ActiveCfg = Debug|Any CPU
		{82FE7283-362A-4DDE-A6C6-823A7F29E196}.Debug|Any CPU.Build.0 = Debug|Any CPU
		{82FE7283-362A-4DDE-A6C6-823A7F29E196}.Debug|Any CPU.Deploy.0 = Debug|Any CPU
		{82FE7283-362A-4DDE-A6C6-823A7F29E196}.Release|Any CPU.ActiveCfg = Release|Any CPU
		{82FE7283-362A-4DDE-A6C6-823A7F29E196}.Release|Any CPU.Build.0 = Release|Any CPU
		{82FE7283-362A-4DDE-A6C6-823A7F29E196}.Release|Any CPU.Deploy.0 = Release|Any CPU
		{F2E9E428-7665-4E45-8C63-2ED852A00FFD}.Debug|Any CPU.ActiveCfg = Debug|Any CPU
		{F2E9E428-7665-4E45-8C63-2ED852A00FFD}.Debug|Any CPU.Build.0 = Debug|Any CPU
		{F2E9E428-7665-4E45-8C63-2ED852A00FFD}.Debug|Any CPU.Deploy.0 = Debug|Any CPU
		{F2E9E428-7665-4E45-8C63-2ED852A00FFD}.Release|Any CPU.ActiveCfg = Release|Any CPU
		{F2E9E428-7665-4E45-8C63-2ED852A00FFD}.Release|Any CPU.Build.0 = Release|Any CPU
		{F2E9E428-7665-4E45-8C63-2ED852A00FFD}.Release|Any CPU.Deploy.0 = Release|Any CPU
		{4FF92212-8681-4DED-95F4-BBC384D20AEF}.Debug|Any CPU.ActiveCfg = Debug|Any CPU
		{4FF92212-8681-4DED-95F4-BBC384D20AEF}.Debug|Any CPU.Build.0 = Debug|Any CPU
		{4FF92212-8681-4DED-95F4-BBC384D20AEF}.Release|Any CPU.ActiveCfg = Release|Any CPU
		{4FF92212-8681-4DED-95F4-BBC384D20AEF}.Release|Any CPU.Build.0 = Release|Any CPU
		{9F40EBA1-1B99-4DBE-81C2-6A5A8C877868}.Debug|Any CPU.ActiveCfg = Debug|Any CPU
		{9F40EBA1-1B99-4DBE-81C2-6A5A8C877868}.Debug|Any CPU.Build.0 = Debug|Any CPU
		{9F40EBA1-1B99-4DBE-81C2-6A5A8C877868}.Release|Any CPU.ActiveCfg = Release|Any CPU
		{9F40EBA1-1B99-4DBE-81C2-6A5A8C877868}.Release|Any CPU.Build.0 = Release|Any CPU
		{F2D4F3E6-CB34-4D17-92CA-0A9BFDE9C811}.Debug|Any CPU.ActiveCfg = Debug|Any CPU
		{F2D4F3E6-CB34-4D17-92CA-0A9BFDE9C811}.Debug|Any CPU.Build.0 = Debug|Any CPU
		{F2D4F3E6-CB34-4D17-92CA-0A9BFDE9C811}.Release|Any CPU.ActiveCfg = Release|Any CPU
		{F2D4F3E6-CB34-4D17-92CA-0A9BFDE9C811}.Release|Any CPU.Build.0 = Release|Any CPU
	EndGlobalSection
	GlobalSection(SolutionProperties) = preSolution
		HideSolutionNode = FALSE
	EndGlobalSection
	GlobalSection(ExtensibilityGlobals) = postSolution
		SolutionGuid = {3C2A34D9-25B3-4494-9A3B-DF756D422511}
	EndGlobalSection
EndGlobal
